{
	"name": "@joelek/bonsai",
	"version": "0.3.0",
	"lockfileVersion": 2,
	"requires": true,
	"packages": {
		"": {
			"name": "@joelek/bonsai",
			"version": "0.3.0",
			"license": "MIT",
			"devDependencies": {
				"@joelek/wtf": "github:joelek/wtf#semver:^0.2",
				"typescript": "^4.4"
			}
		},
		"node_modules/@joelek/wtf": {
			"version": "0.2.1",
			"resolved": "git+ssh://git@github.com/joelek/wtf.git#e01838dbebd0f4718180f34455c4faa1b0d9f72a",
			"dev": true,
			"license": "MIT",
			"dependencies": {
				"@types/node": "^16.7"
			},
			"bin": {
				"wtf": "dist/cli/index.js"
			}
		},
		"node_modules/@types/node": {
			"version": "16.11.49",
			"resolved": "https://registry.npmjs.org/@types/node/-/node-16.11.49.tgz",
			"integrity": "sha512-Abq9fBviLV93OiXMu+f6r0elxCzRwc0RC5f99cU892uBITL44pTvgvEqlRlPRi8EGcO1z7Cp8A4d0s/p3J/+Nw==",
			"dev": true
		},
		"node_modules/typescript": {
			"version": "4.7.4",
			"resolved": "https://registry.npmjs.org/typescript/-/typescript-4.7.4.tgz",
			"integrity": "sha512-C0WQT0gezHuw6AdY1M2jxUO83Rjf0HP7Sk1DtXj6j1EwkQNZrHAg2XPWlq62oqEhYvONq5pkC2Y9oPljWToLmQ==",
			"dev": true,
			"bin": {
				"tsc": "bin/tsc",
				"tsserver": "bin/tsserver"
			},
			"engines": {
				"node": ">=4.2.0"
			}
		}
	},
	"dependencies": {
		"@joelek/wtf": {
			"version": "git+ssh://git@github.com/joelek/wtf.git#e01838dbebd0f4718180f34455c4faa1b0d9f72a",
			"dev": true,
			"from": "@joelek/wtf@joelek/wtf#semver:^0.2",
			"requires": {
				"@types/node": "^16.7"
			}
		},
		"@types/node": {
			"version": "16.11.49",
			"resolved": "https://registry.npmjs.org/@types/node/-/node-16.11.49.tgz",
			"integrity": "sha512-Abq9fBviLV93OiXMu+f6r0elxCzRwc0RC5f99cU892uBITL44pTvgvEqlRlPRi8EGcO1z7Cp8A4d0s/p3J/+Nw==",
			"dev": true
		},
		"typescript": {
			"version": "4.7.4",
			"resolved": "https://registry.npmjs.org/typescript/-/typescript-4.7.4.tgz",
			"integrity": "sha512-C0WQT0gezHuw6AdY1M2jxUO83Rjf0HP7Sk1DtXj6j1EwkQNZrHAg2XPWlq62oqEhYvONq5pkC2Y9oPljWToLmQ==",
			"dev": true
		}
	}
}
